// !$*UTF8*$!
{
	archiveVersion = 1;
	classes = {
	};
	objectVersion = 55;
	objects = {

/* Begin PBXBuildFile section */
		34440E6128870AE700AA3996 /* ManageDosingView.storyboard in Resources */ = {isa = PBXBuildFile; fileRef = 34440E6028870AE700AA3996 /* ManageDosingView.storyboard */; };
		34440E6328870B1200AA3996 /* ManageDosingViewController.swift in Sources */ = {isa = PBXBuildFile; fileRef = 34440E6228870B1200AA3996 /* ManageDosingViewController.swift */; };
		34982C602885420F003BBBD4 /* AddSecondaryPillView.storyboard in Resources */ = {isa = PBXBuildFile; fileRef = 34982C5F2885420F003BBBD4 /* AddSecondaryPillView.storyboard */; };
		34982C6228854424003BBBD4 /* AddSecondaryPillViewController.swift in Sources */ = {isa = PBXBuildFile; fileRef = 34982C6128854424003BBBD4 /* AddSecondaryPillViewController.swift */; };
		34CE29102889307500644E4E /* MedicationPillCell.xib in Resources */ = {isa = PBXBuildFile; fileRef = 34CE290F2889307500644E4E /* MedicationPillCell.xib */; };
		34CE29122889308200644E4E /* MedicationPillCell.swift in Sources */ = {isa = PBXBuildFile; fileRef = 34CE29112889308200644E4E /* MedicationPillCell.swift */; };
		34F397C72892E8B20074A03D /* EmptyDosingTableViewCell.swift in Sources */ = {isa = PBXBuildFile; fileRef = 34F397C52892E8B20074A03D /* EmptyDosingTableViewCell.swift */; };
		47BA8B0CBAC25FBE7497C66C /* Pods_APillLog.framework in Frameworks */ = {isa = PBXBuildFile; fileRef = F2897B15520E7A2A0BB7E838 /* Pods_APillLog.framework */; };
		78D8B11A2887D42500ADF830 /* DiaryWriteViewController.swift in Sources */ = {isa = PBXBuildFile; fileRef = 78D8B1192887D42500ADF830 /* DiaryWriteViewController.swift */; };
		78D8B11C2887E6E100ADF830 /* MyCustomHeader.swift in Sources */ = {isa = PBXBuildFile; fileRef = 78D8B11B2887E6E100ADF830 /* MyCustomHeader.swift */; };
		78D8B11E28884DA900ADF830 /* CustomCellTableViewCell.swift in Sources */ = {isa = PBXBuildFile; fileRef = 78D8B11D28884DA900ADF830 /* CustomCellTableViewCell.swift */; };
		78D8B1202888F8F800ADF830 /* DiaryReadViewController.swift in Sources */ = {isa = PBXBuildFile; fileRef = 78D8B11F2888F8F800ADF830 /* DiaryReadViewController.swift */; };
		8711C3DF28929FDF00F7625F /* UIView.swift in Sources */ = {isa = PBXBuildFile; fileRef = 8711C3DE28929FDF00F7625F /* UIView.swift */; };
		876ED1A02882A33B00179767 /* AppDelegate.swift in Sources */ = {isa = PBXBuildFile; fileRef = 876ED19F2882A33B00179767 /* AppDelegate.swift */; };
		876ED1A22882A33B00179767 /* SceneDelegate.swift in Sources */ = {isa = PBXBuildFile; fileRef = 876ED1A12882A33B00179767 /* SceneDelegate.swift */; };
		876ED1A72882A33B00179767 /* Main.storyboard in Resources */ = {isa = PBXBuildFile; fileRef = 876ED1A52882A33B00179767 /* Main.storyboard */; };
		876ED1AA2882A33B00179767 /* APillLog.xcdatamodeld in Sources */ = {isa = PBXBuildFile; fileRef = 876ED1A82882A33B00179767 /* APillLog.xcdatamodeld */; };
		876ED1AC2882A33C00179767 /* Assets.xcassets in Resources */ = {isa = PBXBuildFile; fileRef = 876ED1AB2882A33C00179767 /* Assets.xcassets */; };
		876ED1AF2882A33C00179767 /* LaunchScreen.storyboard in Resources */ = {isa = PBXBuildFile; fileRef = 876ED1AD2882A33C00179767 /* LaunchScreen.storyboard */; };
		8773A31E289253700096A42B /* PushNotificationView.storyboard in Resources */ = {isa = PBXBuildFile; fileRef = 8773A31D289253700096A42B /* PushNotificationView.storyboard */; };
		8773A320289253820096A42B /* PushNotificationController.swift in Sources */ = {isa = PBXBuildFile; fileRef = 8773A31F289253820096A42B /* PushNotificationController.swift */; };
		87D759322887F172007FCDF0 /* CalendarView.xib in Resources */ = {isa = PBXBuildFile; fileRef = 87D759312887F172007FCDF0 /* CalendarView.xib */; };
		87D759342887F180007FCDF0 /* CalendarView.swift in Sources */ = {isa = PBXBuildFile; fileRef = 87D759332887F180007FCDF0 /* CalendarView.swift */; };
		87FFC2AF288535C100469728 /* HistoryTableViewCell.swift in Sources */ = {isa = PBXBuildFile; fileRef = 87FFC2AE288535C100469728 /* HistoryTableViewCell.swift */; };
		8B942AFF28854E6300507AC5 /* AddPrimaryPillViewController.swift in Sources */ = {isa = PBXBuildFile; fileRef = 8B942AFE28854E6300507AC5 /* AddPrimaryPillViewController.swift */; };
		8B942B0128854E8500507AC5 /* AddPrimaryPill.storyboard in Resources */ = {isa = PBXBuildFile; fileRef = 8B942B0028854E8500507AC5 /* AddPrimaryPill.storyboard */; };
		8B942B032885557D00507AC5 /* PrimaryPillDosingCycleChipButton.swift in Sources */ = {isa = PBXBuildFile; fileRef = 8B942B022885557D00507AC5 /* PrimaryPillDosingCycleChipButton.swift */; };
		8BFE752628880311008748B9 /* CheckConditionView.storyboard in Resources */ = {isa = PBXBuildFile; fileRef = 8BFE752528880310008748B9 /* CheckConditionView.storyboard */; };
		8BFE75282888031A008748B9 /* CheckConditionViewController.swift in Sources */ = {isa = PBXBuildFile; fileRef = 8BFE75272888031A008748B9 /* CheckConditionViewController.swift */; };
		9A273BFB2883ED1B0006427B /* Condition+CoreDataClass.swift in Sources */ = {isa = PBXBuildFile; fileRef = 9A273BF92883ED1B0006427B /* Condition+CoreDataClass.swift */; };
		9A273BFC2883ED1B0006427B /* Condition+CoreDataProperties.swift in Sources */ = {isa = PBXBuildFile; fileRef = 9A273BFA2883ED1B0006427B /* Condition+CoreDataProperties.swift */; };
		9A273C2C2885390F0006427B /* CoreDataManager.swift in Sources */ = {isa = PBXBuildFile; fileRef = 9A273C2B2885390F0006427B /* CoreDataManager.swift */; };
		9A6009F3289517CB00E7E82F /* FSCalendarView.storyboard in Resources */ = {isa = PBXBuildFile; fileRef = 9A6009F2289517CB00E7E82F /* FSCalendarView.storyboard */; };
		9A6009F5289517DD00E7E82F /* FSCalendarViewController.swift in Sources */ = {isa = PBXBuildFile; fileRef = 9A6009F4289517DD00E7E82F /* FSCalendarViewController.swift */; };
		9A890AF0289194A200BD312C /* QuestionViewController.swift in Sources */ = {isa = PBXBuildFile; fileRef = 9A890AEF289194A200BD312C /* QuestionViewController.swift */; };
		9A890AF32891979000BD312C /* LicenseController.swift in Sources */ = {isa = PBXBuildFile; fileRef = 9A890AF22891979000BD312C /* LicenseController.swift */; };
		9A890AF52891979D00BD312C /* VersionController.swift in Sources */ = {isa = PBXBuildFile; fileRef = 9A890AF42891979D00BD312C /* VersionController.swift */; };
		9A890AF7289198C500BD312C /* ThanksToController.swift in Sources */ = {isa = PBXBuildFile; fileRef = 9A890AF6289198C500BD312C /* ThanksToController.swift */; };
		9A890AFA2891B2DB00BD312C /* AppVersionCheck.swift in Sources */ = {isa = PBXBuildFile; fileRef = 9A890AF92891B2DB00BD312C /* AppVersionCheck.swift */; };
		9A890B0328927AAD00BD312C /* ThanksToView.storyboard in Resources */ = {isa = PBXBuildFile; fileRef = 9A890B0228927AAD00BD312C /* ThanksToView.storyboard */; };
		9A890B0528927ACA00BD312C /* VersionView.storyboard in Resources */ = {isa = PBXBuildFile; fileRef = 9A890B0428927ACA00BD312C /* VersionView.storyboard */; };
		9A890B0728927AE600BD312C /* QuestionsView.storyboard in Resources */ = {isa = PBXBuildFile; fileRef = 9A890B0628927AE600BD312C /* QuestionsView.storyboard */; };
		9A890B0928927AF900BD312C /* LicenseView.storyboard in Resources */ = {isa = PBXBuildFile; fileRef = 9A890B0828927AF900BD312C /* LicenseView.storyboard */; };
		9A91D60D289132F40026F3B6 /* PreferencesView.storyboard in Resources */ = {isa = PBXBuildFile; fileRef = 9A91D60C289132F40026F3B6 /* PreferencesView.storyboard */; };
		9A91D60F2891519A0026F3B6 /* PreferencesViewController.swift in Sources */ = {isa = PBXBuildFile; fileRef = 9A91D60E2891519A0026F3B6 /* PreferencesViewController.swift */; };
		9ACDEAF3288A6D43006204AB /* History+CoreDataClass.swift in Sources */ = {isa = PBXBuildFile; fileRef = 9ACDEAF1288A6D43006204AB /* History+CoreDataClass.swift */; };
		9ACDEAF4288A6D43006204AB /* History+CoreDataProperties.swift in Sources */ = {isa = PBXBuildFile; fileRef = 9ACDEAF2288A6D43006204AB /* History+CoreDataProperties.swift */; };
		A8E30318289555BF00E16C21 /* EmptyDosingTableViewCell.xib in Resources */ = {isa = PBXBuildFile; fileRef = 34F397C62892E8B20074A03D /* EmptyDosingTableViewCell.xib */; };
		A8E30319289555DA00E16C21 /* HistoryTableViewCell.xib in Resources */ = {isa = PBXBuildFile; fileRef = 87DFC9E128854E2D00CED53C /* HistoryTableViewCell.xib */; };
		A8F4F2A72884730C0008EB48 /* APillLog+Color.swift in Sources */ = {isa = PBXBuildFile; fileRef = A8F4F2A62884730C0008EB48 /* APillLog+Color.swift */; };
		A8F4F2A92884748C0008EB48 /* APillLog+Font.swift in Sources */ = {isa = PBXBuildFile; fileRef = A8F4F2A82884748C0008EB48 /* APillLog+Font.swift */; };
		A8F4F2B5288477390008EB48 /* AppleSDGothicNeoSB.ttf in Resources */ = {isa = PBXBuildFile; fileRef = A8F4F2AC288477380008EB48 /* AppleSDGothicNeoSB.ttf */; };
		A8F4F2B6288477390008EB48 /* AppleSDGothicNeoT.ttf in Resources */ = {isa = PBXBuildFile; fileRef = A8F4F2AD288477380008EB48 /* AppleSDGothicNeoT.ttf */; };
		A8F4F2B7288477390008EB48 /* AppleSDGothicNeoUL.ttf in Resources */ = {isa = PBXBuildFile; fileRef = A8F4F2AE288477380008EB48 /* AppleSDGothicNeoUL.ttf */; };
		A8F4F2B8288477390008EB48 /* AppleSDGothicNeoM.ttf in Resources */ = {isa = PBXBuildFile; fileRef = A8F4F2AF288477380008EB48 /* AppleSDGothicNeoM.ttf */; };
		A8F4F2B9288477390008EB48 /* AppleSDGothicNeoR.ttf in Resources */ = {isa = PBXBuildFile; fileRef = A8F4F2B0288477390008EB48 /* AppleSDGothicNeoR.ttf */; };
		A8F4F2BA288477390008EB48 /* AppleSDGothicNeoL.ttf in Resources */ = {isa = PBXBuildFile; fileRef = A8F4F2B1288477390008EB48 /* AppleSDGothicNeoL.ttf */; };
		A8F4F2BC288477390008EB48 /* AppleSDGothicNeoH.ttf in Resources */ = {isa = PBXBuildFile; fileRef = A8F4F2B3288477390008EB48 /* AppleSDGothicNeoH.ttf */; };
		A8F4F2BD288477390008EB48 /* AppleSDGothicNeoB.ttf in Resources */ = {isa = PBXBuildFile; fileRef = A8F4F2B4288477390008EB48 /* AppleSDGothicNeoB.ttf */; };
		A8F4F2BF288477750008EB48 /* AppleSDGothicNeoEB.ttf in Resources */ = {isa = PBXBuildFile; fileRef = A8F4F2BE288477750008EB48 /* AppleSDGothicNeoEB.ttf */; };
		A8F4F2C428847A010008EB48 /* MedicationView.storyboard in Resources */ = {isa = PBXBuildFile; fileRef = A8F4F2C328847A010008EB48 /* MedicationView.storyboard */; };
		A8F4F2C628847A0A0008EB48 /* DiaryView.storyboard in Resources */ = {isa = PBXBuildFile; fileRef = A8F4F2C528847A0A0008EB48 /* DiaryView.storyboard */; };
		A8F4F2C928847A270008EB48 /* HistoryView.storyboard in Resources */ = {isa = PBXBuildFile; fileRef = A8F4F2C828847A270008EB48 /* HistoryView.storyboard */; };
		A8F4F2CB28847A380008EB48 /* MedicationViewController.swift in Sources */ = {isa = PBXBuildFile; fileRef = A8F4F2CA28847A380008EB48 /* MedicationViewController.swift */; };
		A8F4F2CD28847A450008EB48 /* DiaryViewController.swift in Sources */ = {isa = PBXBuildFile; fileRef = A8F4F2CC28847A450008EB48 /* DiaryViewController.swift */; };
		A8F4F2CF28847A520008EB48 /* HistoryViewController.swift in Sources */ = {isa = PBXBuildFile; fileRef = A8F4F2CE28847A510008EB48 /* HistoryViewController.swift */; };
/* End PBXBuildFile section */

/* Begin PBXFileReference section */
		3312ECB395C9539DD8D453FA /* Pods-APillLog.release.xcconfig */ = {isa = PBXFileReference; includeInIndex = 1; lastKnownFileType = text.xcconfig; name = "Pods-APillLog.release.xcconfig"; path = "Target Support Files/Pods-APillLog/Pods-APillLog.release.xcconfig"; sourceTree = "<group>"; };
		34440E6028870AE700AA3996 /* ManageDosingView.storyboard */ = {isa = PBXFileReference; lastKnownFileType = file.storyboard; path = ManageDosingView.storyboard; sourceTree = "<group>"; };
		34440E6228870B1200AA3996 /* ManageDosingViewController.swift */ = {isa = PBXFileReference; lastKnownFileType = sourcecode.swift; path = ManageDosingViewController.swift; sourceTree = "<group>"; };
		34982C5F2885420F003BBBD4 /* AddSecondaryPillView.storyboard */ = {isa = PBXFileReference; lastKnownFileType = file.storyboard; path = AddSecondaryPillView.storyboard; sourceTree = "<group>"; };
		34982C6128854424003BBBD4 /* AddSecondaryPillViewController.swift */ = {isa = PBXFileReference; lastKnownFileType = sourcecode.swift; path = AddSecondaryPillViewController.swift; sourceTree = "<group>"; };
		34CE290F2889307500644E4E /* MedicationPillCell.xib */ = {isa = PBXFileReference; fileEncoding = 4; lastKnownFileType = file.xib; path = MedicationPillCell.xib; sourceTree = "<group>"; };
		34CE29112889308200644E4E /* MedicationPillCell.swift */ = {isa = PBXFileReference; fileEncoding = 4; lastKnownFileType = sourcecode.swift; path = MedicationPillCell.swift; sourceTree = "<group>"; };
		34F397C52892E8B20074A03D /* EmptyDosingTableViewCell.swift */ = {isa = PBXFileReference; fileEncoding = 4; lastKnownFileType = sourcecode.swift; path = EmptyDosingTableViewCell.swift; sourceTree = "<group>"; };
		34F397C62892E8B20074A03D /* EmptyDosingTableViewCell.xib */ = {isa = PBXFileReference; fileEncoding = 4; lastKnownFileType = file.xib; path = EmptyDosingTableViewCell.xib; sourceTree = "<group>"; };
		78D8B1192887D42500ADF830 /* DiaryWriteViewController.swift */ = {isa = PBXFileReference; lastKnownFileType = sourcecode.swift; path = DiaryWriteViewController.swift; sourceTree = "<group>"; };
		78D8B11B2887E6E100ADF830 /* MyCustomHeader.swift */ = {isa = PBXFileReference; lastKnownFileType = sourcecode.swift; path = MyCustomHeader.swift; sourceTree = "<group>"; };
		78D8B11D28884DA900ADF830 /* CustomCellTableViewCell.swift */ = {isa = PBXFileReference; lastKnownFileType = sourcecode.swift; path = CustomCellTableViewCell.swift; sourceTree = "<group>"; };
		78D8B11F2888F8F800ADF830 /* DiaryReadViewController.swift */ = {isa = PBXFileReference; lastKnownFileType = sourcecode.swift; path = DiaryReadViewController.swift; sourceTree = "<group>"; };
		8711C3DE28929FDF00F7625F /* UIView.swift */ = {isa = PBXFileReference; lastKnownFileType = sourcecode.swift; path = UIView.swift; sourceTree = "<group>"; };
		876ED19C2882A33B00179767 /* APillLog.app */ = {isa = PBXFileReference; explicitFileType = wrapper.application; includeInIndex = 0; path = APillLog.app; sourceTree = BUILT_PRODUCTS_DIR; };
		876ED19F2882A33B00179767 /* AppDelegate.swift */ = {isa = PBXFileReference; lastKnownFileType = sourcecode.swift; path = AppDelegate.swift; sourceTree = "<group>"; };
		876ED1A12882A33B00179767 /* SceneDelegate.swift */ = {isa = PBXFileReference; lastKnownFileType = sourcecode.swift; path = SceneDelegate.swift; sourceTree = "<group>"; };
		876ED1A62882A33B00179767 /* Base */ = {isa = PBXFileReference; lastKnownFileType = file.storyboard; name = Base; path = Base.lproj/Main.storyboard; sourceTree = "<group>"; };
		876ED1A92882A33B00179767 /* APillLog.xcdatamodel */ = {isa = PBXFileReference; lastKnownFileType = wrapper.xcdatamodel; path = APillLog.xcdatamodel; sourceTree = "<group>"; };
		876ED1AB2882A33C00179767 /* Assets.xcassets */ = {isa = PBXFileReference; lastKnownFileType = folder.assetcatalog; path = Assets.xcassets; sourceTree = "<group>"; };
		876ED1AE2882A33C00179767 /* Base */ = {isa = PBXFileReference; lastKnownFileType = file.storyboard; name = Base; path = Base.lproj/LaunchScreen.storyboard; sourceTree = "<group>"; };
		876ED1B02882A33C00179767 /* Info.plist */ = {isa = PBXFileReference; lastKnownFileType = text.plist.xml; path = Info.plist; sourceTree = "<group>"; };
		8773A31D289253700096A42B /* PushNotificationView.storyboard */ = {isa = PBXFileReference; lastKnownFileType = file.storyboard; path = PushNotificationView.storyboard; sourceTree = "<group>"; };
		8773A31F289253820096A42B /* PushNotificationController.swift */ = {isa = PBXFileReference; lastKnownFileType = sourcecode.swift; path = PushNotificationController.swift; sourceTree = "<group>"; };
		87D759312887F172007FCDF0 /* CalendarView.xib */ = {isa = PBXFileReference; lastKnownFileType = file.xib; path = CalendarView.xib; sourceTree = "<group>"; };
		87D759332887F180007FCDF0 /* CalendarView.swift */ = {isa = PBXFileReference; lastKnownFileType = sourcecode.swift; path = CalendarView.swift; sourceTree = "<group>"; };
		87DFC9E128854E2D00CED53C /* HistoryTableViewCell.xib */ = {isa = PBXFileReference; lastKnownFileType = file.xib; path = HistoryTableViewCell.xib; sourceTree = "<group>"; };
		87FFC2AE288535C100469728 /* HistoryTableViewCell.swift */ = {isa = PBXFileReference; lastKnownFileType = sourcecode.swift; path = HistoryTableViewCell.swift; sourceTree = "<group>"; };
		8AF048CC7EF14CAA4597ACF4 /* Pods-APillLog.debug.xcconfig */ = {isa = PBXFileReference; includeInIndex = 1; lastKnownFileType = text.xcconfig; name = "Pods-APillLog.debug.xcconfig"; path = "Target Support Files/Pods-APillLog/Pods-APillLog.debug.xcconfig"; sourceTree = "<group>"; };
		8B942AFE28854E6300507AC5 /* AddPrimaryPillViewController.swift */ = {isa = PBXFileReference; lastKnownFileType = sourcecode.swift; path = AddPrimaryPillViewController.swift; sourceTree = "<group>"; };
		8B942B0028854E8500507AC5 /* AddPrimaryPill.storyboard */ = {isa = PBXFileReference; lastKnownFileType = file.storyboard; path = AddPrimaryPill.storyboard; sourceTree = "<group>"; };
		8B942B022885557D00507AC5 /* PrimaryPillDosingCycleChipButton.swift */ = {isa = PBXFileReference; lastKnownFileType = sourcecode.swift; path = PrimaryPillDosingCycleChipButton.swift; sourceTree = "<group>"; };
		8BFE752528880310008748B9 /* CheckConditionView.storyboard */ = {isa = PBXFileReference; lastKnownFileType = file.storyboard; path = CheckConditionView.storyboard; sourceTree = "<group>"; };
		8BFE75272888031A008748B9 /* CheckConditionViewController.swift */ = {isa = PBXFileReference; lastKnownFileType = sourcecode.swift; path = CheckConditionViewController.swift; sourceTree = "<group>"; };
		9A273BF92883ED1B0006427B /* Condition+CoreDataClass.swift */ = {isa = PBXFileReference; lastKnownFileType = sourcecode.swift; path = "Condition+CoreDataClass.swift"; sourceTree = "<group>"; };
		9A273BFA2883ED1B0006427B /* Condition+CoreDataProperties.swift */ = {isa = PBXFileReference; lastKnownFileType = sourcecode.swift; path = "Condition+CoreDataProperties.swift"; sourceTree = "<group>"; };
		9A273C2B2885390F0006427B /* CoreDataManager.swift */ = {isa = PBXFileReference; lastKnownFileType = sourcecode.swift; path = CoreDataManager.swift; sourceTree = "<group>"; };
		9A6009F2289517CB00E7E82F /* FSCalendarView.storyboard */ = {isa = PBXFileReference; lastKnownFileType = file.storyboard; path = FSCalendarView.storyboard; sourceTree = "<group>"; };
		9A6009F4289517DD00E7E82F /* FSCalendarViewController.swift */ = {isa = PBXFileReference; lastKnownFileType = sourcecode.swift; path = FSCalendarViewController.swift; sourceTree = "<group>"; };
		9A890AEF289194A200BD312C /* QuestionViewController.swift */ = {isa = PBXFileReference; lastKnownFileType = sourcecode.swift; path = QuestionViewController.swift; sourceTree = "<group>"; };
		9A890AF22891979000BD312C /* LicenseController.swift */ = {isa = PBXFileReference; lastKnownFileType = sourcecode.swift; path = LicenseController.swift; sourceTree = "<group>"; };
		9A890AF42891979D00BD312C /* VersionController.swift */ = {isa = PBXFileReference; lastKnownFileType = sourcecode.swift; path = VersionController.swift; sourceTree = "<group>"; };
		9A890AF6289198C500BD312C /* ThanksToController.swift */ = {isa = PBXFileReference; lastKnownFileType = sourcecode.swift; path = ThanksToController.swift; sourceTree = "<group>"; };
		9A890AF92891B2DB00BD312C /* AppVersionCheck.swift */ = {isa = PBXFileReference; lastKnownFileType = sourcecode.swift; path = AppVersionCheck.swift; sourceTree = "<group>"; };
		9A890B0228927AAD00BD312C /* ThanksToView.storyboard */ = {isa = PBXFileReference; lastKnownFileType = file.storyboard; path = ThanksToView.storyboard; sourceTree = "<group>"; };
		9A890B0428927ACA00BD312C /* VersionView.storyboard */ = {isa = PBXFileReference; lastKnownFileType = file.storyboard; path = VersionView.storyboard; sourceTree = "<group>"; };
		9A890B0628927AE600BD312C /* QuestionsView.storyboard */ = {isa = PBXFileReference; lastKnownFileType = file.storyboard; path = QuestionsView.storyboard; sourceTree = "<group>"; };
		9A890B0828927AF900BD312C /* LicenseView.storyboard */ = {isa = PBXFileReference; lastKnownFileType = file.storyboard; path = LicenseView.storyboard; sourceTree = "<group>"; };
		9A91D60C289132F40026F3B6 /* PreferencesView.storyboard */ = {isa = PBXFileReference; lastKnownFileType = file.storyboard; path = PreferencesView.storyboard; sourceTree = "<group>"; };
		9A91D60E2891519A0026F3B6 /* PreferencesViewController.swift */ = {isa = PBXFileReference; lastKnownFileType = sourcecode.swift; path = PreferencesViewController.swift; sourceTree = "<group>"; };
		9ACDEAF1288A6D43006204AB /* History+CoreDataClass.swift */ = {isa = PBXFileReference; lastKnownFileType = sourcecode.swift; path = "History+CoreDataClass.swift"; sourceTree = "<group>"; };
		9ACDEAF2288A6D43006204AB /* History+CoreDataProperties.swift */ = {isa = PBXFileReference; lastKnownFileType = sourcecode.swift; path = "History+CoreDataProperties.swift"; sourceTree = "<group>"; };
		A8F4F2A62884730C0008EB48 /* APillLog+Color.swift */ = {isa = PBXFileReference; lastKnownFileType = sourcecode.swift; path = "APillLog+Color.swift"; sourceTree = "<group>"; };
		A8F4F2A82884748C0008EB48 /* APillLog+Font.swift */ = {isa = PBXFileReference; lastKnownFileType = sourcecode.swift; path = "APillLog+Font.swift"; sourceTree = "<group>"; };
		A8F4F2AC288477380008EB48 /* AppleSDGothicNeoSB.ttf */ = {isa = PBXFileReference; lastKnownFileType = file; path = AppleSDGothicNeoSB.ttf; sourceTree = "<group>"; };
		A8F4F2AD288477380008EB48 /* AppleSDGothicNeoT.ttf */ = {isa = PBXFileReference; lastKnownFileType = file; path = AppleSDGothicNeoT.ttf; sourceTree = "<group>"; };
		A8F4F2AE288477380008EB48 /* AppleSDGothicNeoUL.ttf */ = {isa = PBXFileReference; lastKnownFileType = file; path = AppleSDGothicNeoUL.ttf; sourceTree = "<group>"; };
		A8F4F2AF288477380008EB48 /* AppleSDGothicNeoM.ttf */ = {isa = PBXFileReference; lastKnownFileType = file; path = AppleSDGothicNeoM.ttf; sourceTree = "<group>"; };
		A8F4F2B0288477390008EB48 /* AppleSDGothicNeoR.ttf */ = {isa = PBXFileReference; lastKnownFileType = file; path = AppleSDGothicNeoR.ttf; sourceTree = "<group>"; };
		A8F4F2B1288477390008EB48 /* AppleSDGothicNeoL.ttf */ = {isa = PBXFileReference; lastKnownFileType = file; path = AppleSDGothicNeoL.ttf; sourceTree = "<group>"; };
		A8F4F2B3288477390008EB48 /* AppleSDGothicNeoH.ttf */ = {isa = PBXFileReference; lastKnownFileType = file; path = AppleSDGothicNeoH.ttf; sourceTree = "<group>"; };
		A8F4F2B4288477390008EB48 /* AppleSDGothicNeoB.ttf */ = {isa = PBXFileReference; lastKnownFileType = file; path = AppleSDGothicNeoB.ttf; sourceTree = "<group>"; };
		A8F4F2BE288477750008EB48 /* AppleSDGothicNeoEB.ttf */ = {isa = PBXFileReference; lastKnownFileType = file; path = AppleSDGothicNeoEB.ttf; sourceTree = "<group>"; };
		A8F4F2C328847A010008EB48 /* MedicationView.storyboard */ = {isa = PBXFileReference; lastKnownFileType = file.storyboard; path = MedicationView.storyboard; sourceTree = "<group>"; };
		A8F4F2C528847A0A0008EB48 /* DiaryView.storyboard */ = {isa = PBXFileReference; lastKnownFileType = file.storyboard; path = DiaryView.storyboard; sourceTree = "<group>"; };
		A8F4F2C828847A270008EB48 /* HistoryView.storyboard */ = {isa = PBXFileReference; lastKnownFileType = file.storyboard; path = HistoryView.storyboard; sourceTree = "<group>"; };
		A8F4F2CA28847A380008EB48 /* MedicationViewController.swift */ = {isa = PBXFileReference; lastKnownFileType = sourcecode.swift; path = MedicationViewController.swift; sourceTree = "<group>"; };
		A8F4F2CC28847A450008EB48 /* DiaryViewController.swift */ = {isa = PBXFileReference; lastKnownFileType = sourcecode.swift; path = DiaryViewController.swift; sourceTree = "<group>"; };
		A8F4F2CE28847A510008EB48 /* HistoryViewController.swift */ = {isa = PBXFileReference; lastKnownFileType = sourcecode.swift; path = HistoryViewController.swift; sourceTree = "<group>"; };
		F2897B15520E7A2A0BB7E838 /* Pods_APillLog.framework */ = {isa = PBXFileReference; explicitFileType = wrapper.framework; includeInIndex = 0; path = Pods_APillLog.framework; sourceTree = BUILT_PRODUCTS_DIR; };
/* End PBXFileReference section */

/* Begin PBXFrameworksBuildPhase section */
		876ED1992882A33B00179767 /* Frameworks */ = {
			isa = PBXFrameworksBuildPhase;
			buildActionMask = 2147483647;
			files = (
				47BA8B0CBAC25FBE7497C66C /* Pods_APillLog.framework in Frameworks */,
			);
			runOnlyForDeploymentPostprocessing = 0;
		};
/* End PBXFrameworksBuildPhase section */

/* Begin PBXGroup section */
		04C28D38029F6FCCE74B3A32 /* Frameworks */ = {
			isa = PBXGroup;
			children = (
				F2897B15520E7A2A0BB7E838 /* Pods_APillLog.framework */,
			);
			name = Frameworks;
			sourceTree = "<group>";
		};
		34440E5F28870ACD00AA3996 /* ManageDosingView */ = {
			isa = PBXGroup;
			children = (
				347E4F902892E7150043136A /* ManageDosingViewCustomCell */,
				34440E6028870AE700AA3996 /* ManageDosingView.storyboard */,
				34440E6228870B1200AA3996 /* ManageDosingViewController.swift */,
			);
			path = ManageDosingView;
			sourceTree = "<group>";
		};
		347E4F902892E7150043136A /* ManageDosingViewCustomCell */ = {
			isa = PBXGroup;
			children = (
				34F397C52892E8B20074A03D /* EmptyDosingTableViewCell.swift */,
				34F397C62892E8B20074A03D /* EmptyDosingTableViewCell.xib */,
			);
			path = ManageDosingViewCustomCell;
			sourceTree = "<group>";
		};
		34982C5E2885415E003BBBD4 /* AddSecondaryPillView */ = {
			isa = PBXGroup;
			children = (
				34982C5F2885420F003BBBD4 /* AddSecondaryPillView.storyboard */,
				34982C6128854424003BBBD4 /* AddSecondaryPillViewController.swift */,
			);
			path = AddSecondaryPillView;
			sourceTree = "<group>";
		};
		34CE29172889BA8300644E4E /* MedicationTabCustomCell */ = {
			isa = PBXGroup;
			children = (
				34CE290F2889307500644E4E /* MedicationPillCell.xib */,
				34CE29112889308200644E4E /* MedicationPillCell.swift */,
			);
			path = MedicationTabCustomCell;
			sourceTree = "<group>";
		};
		876ED1932882A33B00179767 = {
			isa = PBXGroup;
			children = (
				876ED19E2882A33B00179767 /* APillLog */,
				876ED19D2882A33B00179767 /* Products */,
				A41DB93C38DE99A48C23A0AF /* Pods */,
				04C28D38029F6FCCE74B3A32 /* Frameworks */,
			);
			sourceTree = "<group>";
		};
		876ED19D2882A33B00179767 /* Products */ = {
			isa = PBXGroup;
			children = (
				876ED19C2882A33B00179767 /* APillLog.app */,
			);
			name = Products;
			sourceTree = "<group>";
		};
		876ED19E2882A33B00179767 /* APillLog */ = {
			isa = PBXGroup;
			children = (
				876ED1B02882A33C00179767 /* Info.plist */,
				A8209F0B28846546006F35DF /* Application */,
				A8F4F2AA288475240008EB48 /* Utility */,
				A8F4F2A5288469AB0008EB48 /* Extentions */,
				A8F4F2A32884683F0008EB48 /* View */,
				A8209F0D28846564006F35DF /* Resources */,
				A8209F0C28846552006F35DF /* CoreData */,
			);
			path = APillLog;
			sourceTree = "<group>";
		};
		8773A31C289253200096A42B /* PushNotificationView */ = {
			isa = PBXGroup;
			children = (
				8773A31D289253700096A42B /* PushNotificationView.storyboard */,
				8773A31F289253820096A42B /* PushNotificationController.swift */,
			);
			path = PushNotificationView;
			sourceTree = "<group>";
		};
		87D759302887F14D007FCDF0 /* Calendar */ = {
			isa = PBXGroup;
			children = (
				87D759312887F172007FCDF0 /* CalendarView.xib */,
				87D759332887F180007FCDF0 /* CalendarView.swift */,
			);
			path = Calendar;
			sourceTree = "<group>";
		};
		8B942AFD28854E2300507AC5 /* AddPrimaryPillView */ = {
			isa = PBXGroup;
			children = (
				8B942AFE28854E6300507AC5 /* AddPrimaryPillViewController.swift */,
				8B942B0028854E8500507AC5 /* AddPrimaryPill.storyboard */,
				8B942B022885557D00507AC5 /* PrimaryPillDosingCycleChipButton.swift */,
			);
			path = AddPrimaryPillView;
			sourceTree = "<group>";
		};
		8BFE7524288802AC008748B9 /* CheckCondition */ = {
			isa = PBXGroup;
			children = (
				8BFE752528880310008748B9 /* CheckConditionView.storyboard */,
				8BFE75272888031A008748B9 /* CheckConditionViewController.swift */,
			);
			path = CheckCondition;
			sourceTree = "<group>";
		};
		9A6009F1289517A200E7E82F /* FSCalendarView */ = {
			isa = PBXGroup;
			children = (
				9A6009F2289517CB00E7E82F /* FSCalendarView.storyboard */,
				9A6009F4289517DD00E7E82F /* FSCalendarViewController.swift */,
			);
			path = FSCalendarView;
			sourceTree = "<group>";
		};
		9A890AF12891977200BD312C /* Controller */ = {
			isa = PBXGroup;
			children = (
				9A890AFF28927A5000BD312C /* ThanksToView */,
				9A890AFE28927A3300BD312C /* VersionView */,
				9A890AFD28927A1D00BD312C /* LicenseView */,
				9A890AFC28927A0D00BD312C /* QuestionsView */,
			);
			path = Controller;
			sourceTree = "<group>";
		};
		9A890AF82891B2BB00BD312C /* AppVersionCheck */ = {
			isa = PBXGroup;
			children = (
				9A890AF92891B2DB00BD312C /* AppVersionCheck.swift */,
			);
			path = AppVersionCheck;
			sourceTree = "<group>";
		};
		9A890AFC28927A0D00BD312C /* QuestionsView */ = {
			isa = PBXGroup;
			children = (
				9A890AEF289194A200BD312C /* QuestionViewController.swift */,
				9A890B0628927AE600BD312C /* QuestionsView.storyboard */,
			);
			path = QuestionsView;
			sourceTree = "<group>";
		};
		9A890AFD28927A1D00BD312C /* LicenseView */ = {
			isa = PBXGroup;
			children = (
				9A890AF22891979000BD312C /* LicenseController.swift */,
				9A890B0828927AF900BD312C /* LicenseView.storyboard */,
			);
			path = LicenseView;
			sourceTree = "<group>";
		};
		9A890AFE28927A3300BD312C /* VersionView */ = {
			isa = PBXGroup;
			children = (
				9A890AF42891979D00BD312C /* VersionController.swift */,
				9A890B0428927ACA00BD312C /* VersionView.storyboard */,
			);
			path = VersionView;
			sourceTree = "<group>";
		};
		9A890AFF28927A5000BD312C /* ThanksToView */ = {
			isa = PBXGroup;
			children = (
				9A890AF6289198C500BD312C /* ThanksToController.swift */,
				9A890B0228927AAD00BD312C /* ThanksToView.storyboard */,
			);
			path = ThanksToView;
			sourceTree = "<group>";
		};
		9A91D6032890EDCA0026F3B6 /* PreferencesTab */ = {
			isa = PBXGroup;
			children = (
				8773A31C289253200096A42B /* PushNotificationView */,
				9A890AF82891B2BB00BD312C /* AppVersionCheck */,
				9A890AF12891977200BD312C /* Controller */,
				9A91D60C289132F40026F3B6 /* PreferencesView.storyboard */,
				9A91D60E2891519A0026F3B6 /* PreferencesViewController.swift */,
			);
			path = PreferencesTab;
			sourceTree = "<group>";
		};
		A41DB93C38DE99A48C23A0AF /* Pods */ = {
			isa = PBXGroup;
			children = (
				8AF048CC7EF14CAA4597ACF4 /* Pods-APillLog.debug.xcconfig */,
				3312ECB395C9539DD8D453FA /* Pods-APillLog.release.xcconfig */,
			);
			path = Pods;
			sourceTree = "<group>";
		};
		A8209F0B28846546006F35DF /* Application */ = {
			isa = PBXGroup;
			children = (
				876ED19F2882A33B00179767 /* AppDelegate.swift */,
				876ED1A12882A33B00179767 /* SceneDelegate.swift */,
			);
			path = Application;
			sourceTree = "<group>";
		};
		A8209F0C28846552006F35DF /* CoreData */ = {
			isa = PBXGroup;
			children = (
				876ED1A82882A33B00179767 /* APillLog.xcdatamodeld */,
				9A273BFA2883ED1B0006427B /* Condition+CoreDataProperties.swift */,
				9A273BF92883ED1B0006427B /* Condition+CoreDataClass.swift */,
				9A273C2B2885390F0006427B /* CoreDataManager.swift */,
				9ACDEAF1288A6D43006204AB /* History+CoreDataClass.swift */,
				9ACDEAF2288A6D43006204AB /* History+CoreDataProperties.swift */,
			);
			path = CoreData;
			sourceTree = "<group>";
		};
		A8209F0D28846564006F35DF /* Resources */ = {
			isa = PBXGroup;
			children = (
				876ED1AB2882A33C00179767 /* Assets.xcassets */,
			);
			path = Resources;
			sourceTree = "<group>";
		};
		A8F4F2A32884683F0008EB48 /* View */ = {
			isa = PBXGroup;
			children = (
				9A6009F1289517A200E7E82F /* FSCalendarView */,
				9A91D6032890EDCA0026F3B6 /* PreferencesTab */,
				876ED1A52882A33B00179767 /* Main.storyboard */,
				876ED1AD2882A33C00179767 /* LaunchScreen.storyboard */,
				A8F4F2C2288478010008EB48 /* MedicationTab */,
				A8F4F2C1288477FB0008EB48 /* DiaryTab */,
				A8F4F2C0288477C40008EB48 /* HistoryTab */,
			);
			path = View;
			sourceTree = "<group>";
		};
		A8F4F2A5288469AB0008EB48 /* Extentions */ = {
			isa = PBXGroup;
			children = (
				A8F4F2A62884730C0008EB48 /* APillLog+Color.swift */,
				A8F4F2A82884748C0008EB48 /* APillLog+Font.swift */,
				8711C3DE28929FDF00F7625F /* UIView.swift */,
			);
			path = Extentions;
			sourceTree = "<group>";
		};
		A8F4F2AA288475240008EB48 /* Utility */ = {
			isa = PBXGroup;
			children = (
				87D759302887F14D007FCDF0 /* Calendar */,
				A8F4F2AB2884753C0008EB48 /* Fonts */,
			);
			path = Utility;
			sourceTree = "<group>";
		};
		A8F4F2AB2884753C0008EB48 /* Fonts */ = {
			isa = PBXGroup;
			children = (
				A8F4F2B4288477390008EB48 /* AppleSDGothicNeoB.ttf */,
				A8F4F2BE288477750008EB48 /* AppleSDGothicNeoEB.ttf */,
				A8F4F2B3288477390008EB48 /* AppleSDGothicNeoH.ttf */,
				A8F4F2B1288477390008EB48 /* AppleSDGothicNeoL.ttf */,
				A8F4F2AF288477380008EB48 /* AppleSDGothicNeoM.ttf */,
				A8F4F2B0288477390008EB48 /* AppleSDGothicNeoR.ttf */,
				A8F4F2AC288477380008EB48 /* AppleSDGothicNeoSB.ttf */,
				A8F4F2AD288477380008EB48 /* AppleSDGothicNeoT.ttf */,
				A8F4F2AE288477380008EB48 /* AppleSDGothicNeoUL.ttf */,
			);
			path = Fonts;
			sourceTree = "<group>";
		};
		A8F4F2C0288477C40008EB48 /* HistoryTab */ = {
			isa = PBXGroup;
			children = (
				A8F4F2C828847A270008EB48 /* HistoryView.storyboard */,
				A8F4F2CE28847A510008EB48 /* HistoryViewController.swift */,
				87FFC2AE288535C100469728 /* HistoryTableViewCell.swift */,
				87DFC9E128854E2D00CED53C /* HistoryTableViewCell.xib */,
			);
			path = HistoryTab;
			sourceTree = "<group>";
		};
		A8F4F2C1288477FB0008EB48 /* DiaryTab */ = {
			isa = PBXGroup;
			children = (
				A8F4F2C528847A0A0008EB48 /* DiaryView.storyboard */,
				78D8B11F2888F8F800ADF830 /* DiaryReadViewController.swift */,
				A8F4F2CC28847A450008EB48 /* DiaryViewController.swift */,
				78D8B1192887D42500ADF830 /* DiaryWriteViewController.swift */,
				78D8B11B2887E6E100ADF830 /* MyCustomHeader.swift */,
				78D8B11D28884DA900ADF830 /* CustomCellTableViewCell.swift */,
			);
			path = DiaryTab;
			sourceTree = "<group>";
		};
		A8F4F2C2288478010008EB48 /* MedicationTab */ = {
			isa = PBXGroup;
			children = (
				34CE29172889BA8300644E4E /* MedicationTabCustomCell */,
				8BFE7524288802AC008748B9 /* CheckCondition */,
				34440E5F28870ACD00AA3996 /* ManageDosingView */,
				8B942AFD28854E2300507AC5 /* AddPrimaryPillView */,
				34982C5E2885415E003BBBD4 /* AddSecondaryPillView */,
				A8F4F2C328847A010008EB48 /* MedicationView.storyboard */,
				A8F4F2CA28847A380008EB48 /* MedicationViewController.swift */,
			);
			path = MedicationTab;
			sourceTree = "<group>";
		};
/* End PBXGroup section */

/* Begin PBXNativeTarget section */
		876ED19B2882A33B00179767 /* APillLog */ = {
			isa = PBXNativeTarget;
			buildConfigurationList = 876ED1B32882A33C00179767 /* Build configuration list for PBXNativeTarget "APillLog" */;
			buildPhases = (
				A18B8DE0913DB7B842790994 /* [CP] Check Pods Manifest.lock */,
				876ED1982882A33B00179767 /* Sources */,
				876ED1992882A33B00179767 /* Frameworks */,
				876ED19A2882A33B00179767 /* Resources */,
				E8131155CDBAEAA3FC3250B5 /* [CP] Embed Pods Frameworks */,
			);
			buildRules = (
			);
			dependencies = (
			);
			name = APillLog;
			productName = APillLog;
			productReference = 876ED19C2882A33B00179767 /* APillLog.app */;
			productType = "com.apple.product-type.application";
		};
/* End PBXNativeTarget section */

/* Begin PBXProject section */
		876ED1942882A33B00179767 /* Project object */ = {
			isa = PBXProject;
			attributes = {
				BuildIndependentTargetsInParallel = 1;
				LastSwiftUpdateCheck = 1340;
				LastUpgradeCheck = 1340;
				TargetAttributes = {
					876ED19B2882A33B00179767 = {
						CreatedOnToolsVersion = 13.4.1;
					};
				};
			};
			buildConfigurationList = 876ED1972882A33B00179767 /* Build configuration list for PBXProject "APillLog" */;
			compatibilityVersion = "Xcode 13.0";
			developmentRegion = en;
			hasScannedForEncodings = 0;
			knownRegions = (
				en,
				Base,
			);
			mainGroup = 876ED1932882A33B00179767;
			productRefGroup = 876ED19D2882A33B00179767 /* Products */;
			projectDirPath = "";
			projectRoot = "";
			targets = (
				876ED19B2882A33B00179767 /* APillLog */,
			);
		};
/* End PBXProject section */

/* Begin PBXResourcesBuildPhase section */
		876ED19A2882A33B00179767 /* Resources */ = {
			isa = PBXResourcesBuildPhase;
			buildActionMask = 2147483647;
			files = (
				9A890B0528927ACA00BD312C /* VersionView.storyboard in Resources */,
				9A890B0928927AF900BD312C /* LicenseView.storyboard in Resources */,
				A8F4F2B7288477390008EB48 /* AppleSDGothicNeoUL.ttf in Resources */,
				A8F4F2C928847A270008EB48 /* HistoryView.storyboard in Resources */,
				34440E6128870AE700AA3996 /* ManageDosingView.storyboard in Resources */,
				A8F4F2B8288477390008EB48 /* AppleSDGothicNeoM.ttf in Resources */,
				34982C602885420F003BBBD4 /* AddSecondaryPillView.storyboard in Resources */,
				A8F4F2B6288477390008EB48 /* AppleSDGothicNeoT.ttf in Resources */,
				A8F4F2C628847A0A0008EB48 /* DiaryView.storyboard in Resources */,
				A8F4F2C428847A010008EB48 /* MedicationView.storyboard in Resources */,
				9A890B0728927AE600BD312C /* QuestionsView.storyboard in Resources */,
				A8F4F2B5288477390008EB48 /* AppleSDGothicNeoSB.ttf in Resources */,
				9A890B0328927AAD00BD312C /* ThanksToView.storyboard in Resources */,
				A8F4F2B9288477390008EB48 /* AppleSDGothicNeoR.ttf in Resources */,
				A8F4F2BA288477390008EB48 /* AppleSDGothicNeoL.ttf in Resources */,
				9A6009F3289517CB00E7E82F /* FSCalendarView.storyboard in Resources */,
				A8E30319289555DA00E16C21 /* HistoryTableViewCell.xib in Resources */,
				9A91D60D289132F40026F3B6 /* PreferencesView.storyboard in Resources */,
				876ED1AF2882A33C00179767 /* LaunchScreen.storyboard in Resources */,
				8773A31E289253700096A42B /* PushNotificationView.storyboard in Resources */,
				876ED1AC2882A33C00179767 /* Assets.xcassets in Resources */,
				A8F4F2BD288477390008EB48 /* AppleSDGothicNeoB.ttf in Resources */,
				A8F4F2BC288477390008EB48 /* AppleSDGothicNeoH.ttf in Resources */,
				A8E30318289555BF00E16C21 /* EmptyDosingTableViewCell.xib in Resources */,
				34CE29102889307500644E4E /* MedicationPillCell.xib in Resources */,
				A8F4F2BF288477750008EB48 /* AppleSDGothicNeoEB.ttf in Resources */,
				8B942B0128854E8500507AC5 /* AddPrimaryPill.storyboard in Resources */,
				87D759322887F172007FCDF0 /* CalendarView.xib in Resources */,
				876ED1A72882A33B00179767 /* Main.storyboard in Resources */,
				8BFE752628880311008748B9 /* CheckConditionView.storyboard in Resources */,
			);
			runOnlyForDeploymentPostprocessing = 0;
		};
/* End PBXResourcesBuildPhase section */

/* Begin PBXShellScriptBuildPhase section */
		A18B8DE0913DB7B842790994 /* [CP] Check Pods Manifest.lock */ = {
			isa = PBXShellScriptBuildPhase;
			buildActionMask = 2147483647;
			files = (
			);
			inputFileListPaths = (
			);
			inputPaths = (
				"${PODS_PODFILE_DIR_PATH}/Podfile.lock",
				"${PODS_ROOT}/Manifest.lock",
			);
			name = "[CP] Check Pods Manifest.lock";
			outputFileListPaths = (
			);
			outputPaths = (
				"$(DERIVED_FILE_DIR)/Pods-APillLog-checkManifestLockResult.txt",
			);
			runOnlyForDeploymentPostprocessing = 0;
			shellPath = /bin/sh;
			shellScript = "diff \"${PODS_PODFILE_DIR_PATH}/Podfile.lock\" \"${PODS_ROOT}/Manifest.lock\" > /dev/null\nif [ $? != 0 ] ; then\n    # print error to STDERR\n    echo \"error: The sandbox is not in sync with the Podfile.lock. Run 'pod install' or update your CocoaPods installation.\" >&2\n    exit 1\nfi\n# This output is used by Xcode 'outputs' to avoid re-running this script phase.\necho \"SUCCESS\" > \"${SCRIPT_OUTPUT_FILE_0}\"\n";
			showEnvVarsInLog = 0;
		};
		E8131155CDBAEAA3FC3250B5 /* [CP] Embed Pods Frameworks */ = {
			isa = PBXShellScriptBuildPhase;
			buildActionMask = 2147483647;
			files = (
			);
			inputFileListPaths = (
				"${PODS_ROOT}/Target Support Files/Pods-APillLog/Pods-APillLog-frameworks-${CONFIGURATION}-input-files.xcfilelist",
			);
			name = "[CP] Embed Pods Frameworks";
			outputFileListPaths = (
				"${PODS_ROOT}/Target Support Files/Pods-APillLog/Pods-APillLog-frameworks-${CONFIGURATION}-output-files.xcfilelist",
			);
			runOnlyForDeploymentPostprocessing = 0;
			shellPath = /bin/sh;
			shellScript = "\"${PODS_ROOT}/Target Support Files/Pods-APillLog/Pods-APillLog-frameworks.sh\"\n";
			showEnvVarsInLog = 0;
		};
/* End PBXShellScriptBuildPhase section */

/* Begin PBXSourcesBuildPhase section */
		876ED1982882A33B00179767 /* Sources */ = {
			isa = PBXSourcesBuildPhase;
			buildActionMask = 2147483647;
			files = (
				A8F4F2A92884748C0008EB48 /* APillLog+Font.swift in Sources */,
				87FFC2AF288535C100469728 /* HistoryTableViewCell.swift in Sources */,
				A8F4F2A72884730C0008EB48 /* APillLog+Color.swift in Sources */,
				9A890AF7289198C500BD312C /* ThanksToController.swift in Sources */,
				A8F4F2CF28847A520008EB48 /* HistoryViewController.swift in Sources */,
				8B942B032885557D00507AC5 /* PrimaryPillDosingCycleChipButton.swift in Sources */,
				8BFE75282888031A008748B9 /* CheckConditionViewController.swift in Sources */,
				A8F4F2CD28847A450008EB48 /* DiaryViewController.swift in Sources */,
				9A273BFC2883ED1B0006427B /* Condition+CoreDataProperties.swift in Sources */,
				9A273C2C2885390F0006427B /* CoreDataManager.swift in Sources */,
				8711C3DF28929FDF00F7625F /* UIView.swift in Sources */,
				9A6009F5289517DD00E7E82F /* FSCalendarViewController.swift in Sources */,
				9A890AF52891979D00BD312C /* VersionController.swift in Sources */,
				9ACDEAF4288A6D43006204AB /* History+CoreDataProperties.swift in Sources */,
				9A273BFB2883ED1B0006427B /* Condition+CoreDataClass.swift in Sources */,
				78D8B1202888F8F800ADF830 /* DiaryReadViewController.swift in Sources */,
				9A890AF32891979000BD312C /* LicenseController.swift in Sources */,
				9ACDEAF3288A6D43006204AB /* History+CoreDataClass.swift in Sources */,
				78D8B11C2887E6E100ADF830 /* MyCustomHeader.swift in Sources */,
				34CE29122889308200644E4E /* MedicationPillCell.swift in Sources */,
				34F397C72892E8B20074A03D /* EmptyDosingTableViewCell.swift in Sources */,
				876ED1AA2882A33B00179767 /* APillLog.xcdatamodeld in Sources */,
				34982C6228854424003BBBD4 /* AddSecondaryPillViewController.swift in Sources */,
				A8F4F2CB28847A380008EB48 /* MedicationViewController.swift in Sources */,
				78D8B11A2887D42500ADF830 /* DiaryWriteViewController.swift in Sources */,
				8773A320289253820096A42B /* PushNotificationController.swift in Sources */,
				9A91D60F2891519A0026F3B6 /* PreferencesViewController.swift in Sources */,
				87D759342887F180007FCDF0 /* CalendarView.swift in Sources */,
				9A890AFA2891B2DB00BD312C /* AppVersionCheck.swift in Sources */,
				8B942AFF28854E6300507AC5 /* AddPrimaryPillViewController.swift in Sources */,
				876ED1A02882A33B00179767 /* AppDelegate.swift in Sources */,
				9A890AF0289194A200BD312C /* QuestionViewController.swift in Sources */,
				34440E6328870B1200AA3996 /* ManageDosingViewController.swift in Sources */,
				78D8B11E28884DA900ADF830 /* CustomCellTableViewCell.swift in Sources */,
				876ED1A22882A33B00179767 /* SceneDelegate.swift in Sources */,
			);
			runOnlyForDeploymentPostprocessing = 0;
		};
/* End PBXSourcesBuildPhase section */

/* Begin PBXVariantGroup section */
		876ED1A52882A33B00179767 /* Main.storyboard */ = {
			isa = PBXVariantGroup;
			children = (
				876ED1A62882A33B00179767 /* Base */,
			);
			name = Main.storyboard;
			sourceTree = "<group>";
		};
		876ED1AD2882A33C00179767 /* LaunchScreen.storyboard */ = {
			isa = PBXVariantGroup;
			children = (
				876ED1AE2882A33C00179767 /* Base */,
			);
			name = LaunchScreen.storyboard;
			sourceTree = "<group>";
		};
/* End PBXVariantGroup section */

/* Begin XCBuildConfiguration section */
		876ED1B12882A33C00179767 /* Debug */ = {
			isa = XCBuildConfiguration;
			buildSettings = {
				ALWAYS_SEARCH_USER_PATHS = NO;
				CLANG_ANALYZER_NONNULL = YES;
				CLANG_ANALYZER_NUMBER_OBJECT_CONVERSION = YES_AGGRESSIVE;
				CLANG_CXX_LANGUAGE_STANDARD = "gnu++17";
				CLANG_ENABLE_MODULES = YES;
				CLANG_ENABLE_OBJC_ARC = YES;
				CLANG_ENABLE_OBJC_WEAK = YES;
				CLANG_WARN_BLOCK_CAPTURE_AUTORELEASING = YES;
				CLANG_WARN_BOOL_CONVERSION = YES;
				CLANG_WARN_COMMA = YES;
				CLANG_WARN_CONSTANT_CONVERSION = YES;
				CLANG_WARN_DEPRECATED_OBJC_IMPLEMENTATIONS = YES;
				CLANG_WARN_DIRECT_OBJC_ISA_USAGE = YES_ERROR;
				CLANG_WARN_DOCUMENTATION_COMMENTS = YES;
				CLANG_WARN_EMPTY_BODY = YES;
				CLANG_WARN_ENUM_CONVERSION = YES;
				CLANG_WARN_INFINITE_RECURSION = YES;
				CLANG_WARN_INT_CONVERSION = YES;
				CLANG_WARN_NON_LITERAL_NULL_CONVERSION = YES;
				CLANG_WARN_OBJC_IMPLICIT_RETAIN_SELF = YES;
				CLANG_WARN_OBJC_LITERAL_CONVERSION = YES;
				CLANG_WARN_OBJC_ROOT_CLASS = YES_ERROR;
				CLANG_WARN_QUOTED_INCLUDE_IN_FRAMEWORK_HEADER = YES;
				CLANG_WARN_RANGE_LOOP_ANALYSIS = YES;
				CLANG_WARN_STRICT_PROTOTYPES = YES;
				CLANG_WARN_SUSPICIOUS_MOVE = YES;
				CLANG_WARN_UNGUARDED_AVAILABILITY = YES_AGGRESSIVE;
				CLANG_WARN_UNREACHABLE_CODE = YES;
				CLANG_WARN__DUPLICATE_METHOD_MATCH = YES;
				COPY_PHASE_STRIP = NO;
				DEBUG_INFORMATION_FORMAT = dwarf;
				ENABLE_STRICT_OBJC_MSGSEND = YES;
				ENABLE_TESTABILITY = YES;
				GCC_C_LANGUAGE_STANDARD = gnu11;
				GCC_DYNAMIC_NO_PIC = NO;
				GCC_NO_COMMON_BLOCKS = YES;
				GCC_OPTIMIZATION_LEVEL = 0;
				GCC_PREPROCESSOR_DEFINITIONS = (
					"DEBUG=1",
					"$(inherited)",
				);
				GCC_WARN_64_TO_32_BIT_CONVERSION = YES;
				GCC_WARN_ABOUT_RETURN_TYPE = YES_ERROR;
				GCC_WARN_UNDECLARED_SELECTOR = YES;
				GCC_WARN_UNINITIALIZED_AUTOS = YES_AGGRESSIVE;
				GCC_WARN_UNUSED_FUNCTION = YES;
				GCC_WARN_UNUSED_VARIABLE = YES;
				IPHONEOS_DEPLOYMENT_TARGET = 15.5;
				MTL_ENABLE_DEBUG_INFO = INCLUDE_SOURCE;
				MTL_FAST_MATH = YES;
				ONLY_ACTIVE_ARCH = YES;
				SDKROOT = iphoneos;
				SWIFT_ACTIVE_COMPILATION_CONDITIONS = DEBUG;
				SWIFT_OPTIMIZATION_LEVEL = "-Onone";
			};
			name = Debug;
		};
		876ED1B22882A33C00179767 /* Release */ = {
			isa = XCBuildConfiguration;
			buildSettings = {
				ALWAYS_SEARCH_USER_PATHS = NO;
				CLANG_ANALYZER_NONNULL = YES;
				CLANG_ANALYZER_NUMBER_OBJECT_CONVERSION = YES_AGGRESSIVE;
				CLANG_CXX_LANGUAGE_STANDARD = "gnu++17";
				CLANG_ENABLE_MODULES = YES;
				CLANG_ENABLE_OBJC_ARC = YES;
				CLANG_ENABLE_OBJC_WEAK = YES;
				CLANG_WARN_BLOCK_CAPTURE_AUTORELEASING = YES;
				CLANG_WARN_BOOL_CONVERSION = YES;
				CLANG_WARN_COMMA = YES;
				CLANG_WARN_CONSTANT_CONVERSION = YES;
				CLANG_WARN_DEPRECATED_OBJC_IMPLEMENTATIONS = YES;
				CLANG_WARN_DIRECT_OBJC_ISA_USAGE = YES_ERROR;
				CLANG_WARN_DOCUMENTATION_COMMENTS = YES;
				CLANG_WARN_EMPTY_BODY = YES;
				CLANG_WARN_ENUM_CONVERSION = YES;
				CLANG_WARN_INFINITE_RECURSION = YES;
				CLANG_WARN_INT_CONVERSION = YES;
				CLANG_WARN_NON_LITERAL_NULL_CONVERSION = YES;
				CLANG_WARN_OBJC_IMPLICIT_RETAIN_SELF = YES;
				CLANG_WARN_OBJC_LITERAL_CONVERSION = YES;
				CLANG_WARN_OBJC_ROOT_CLASS = YES_ERROR;
				CLANG_WARN_QUOTED_INCLUDE_IN_FRAMEWORK_HEADER = YES;
				CLANG_WARN_RANGE_LOOP_ANALYSIS = YES;
				CLANG_WARN_STRICT_PROTOTYPES = YES;
				CLANG_WARN_SUSPICIOUS_MOVE = YES;
				CLANG_WARN_UNGUARDED_AVAILABILITY = YES_AGGRESSIVE;
				CLANG_WARN_UNREACHABLE_CODE = YES;
				CLANG_WARN__DUPLICATE_METHOD_MATCH = YES;
				COPY_PHASE_STRIP = NO;
				DEBUG_INFORMATION_FORMAT = "dwarf-with-dsym";
				ENABLE_NS_ASSERTIONS = NO;
				ENABLE_STRICT_OBJC_MSGSEND = YES;
				GCC_C_LANGUAGE_STANDARD = gnu11;
				GCC_NO_COMMON_BLOCKS = YES;
				GCC_WARN_64_TO_32_BIT_CONVERSION = YES;
				GCC_WARN_ABOUT_RETURN_TYPE = YES_ERROR;
				GCC_WARN_UNDECLARED_SELECTOR = YES;
				GCC_WARN_UNINITIALIZED_AUTOS = YES_AGGRESSIVE;
				GCC_WARN_UNUSED_FUNCTION = YES;
				GCC_WARN_UNUSED_VARIABLE = YES;
				IPHONEOS_DEPLOYMENT_TARGET = 15.5;
				MTL_ENABLE_DEBUG_INFO = NO;
				MTL_FAST_MATH = YES;
				SDKROOT = iphoneos;
				SWIFT_COMPILATION_MODE = wholemodule;
				SWIFT_OPTIMIZATION_LEVEL = "-O";
				VALIDATE_PRODUCT = YES;
			};
			name = Release;
		};
		876ED1B42882A33C00179767 /* Debug */ = {
			isa = XCBuildConfiguration;
			baseConfigurationReference = 8AF048CC7EF14CAA4597ACF4 /* Pods-APillLog.debug.xcconfig */;
			buildSettings = {
				ASSETCATALOG_COMPILER_APPICON_NAME = AppIcon;
				ASSETCATALOG_COMPILER_GLOBAL_ACCENT_COLOR_NAME = AccentColor;
				CODE_SIGN_IDENTITY = "Apple Development";
				CODE_SIGN_STYLE = Automatic;
				CURRENT_PROJECT_VERSION = 1;
				DEVELOPMENT_TEAM = BP6V55LTAQ;
				GENERATE_INFOPLIST_FILE = YES;
				INFOPLIST_FILE = APillLog/Info.plist;
				INFOPLIST_KEY_UIApplicationSupportsIndirectInputEvents = YES;
				INFOPLIST_KEY_UILaunchStoryboardName = LaunchScreen;
				INFOPLIST_KEY_UIMainStoryboardFile = Main;
				INFOPLIST_KEY_UISupportedInterfaceOrientations = UIInterfaceOrientationPortrait;
				INFOPLIST_KEY_UISupportedInterfaceOrientations_iPad = "UIInterfaceOrientationPortrait UIInterfaceOrientationPortraitUpsideDown UIInterfaceOrientationLandscapeLeft UIInterfaceOrientationLandscapeRight";
				INFOPLIST_KEY_UISupportedInterfaceOrientations_iPhone = "UIInterfaceOrientationPortrait UIInterfaceOrientationLandscapeLeft UIInterfaceOrientationLandscapeRight";
				IPHONEOS_DEPLOYMENT_TARGET = 15.4;
				LD_RUNPATH_SEARCH_PATHS = (
					"$(inherited)",
					"@executable_path/Frameworks",
				);
				MARKETING_VERSION = 1.0;
				PRODUCT_BUNDLE_IDENTIFIER = com.varcode.APillLog;
				PRODUCT_NAME = "$(TARGET_NAME)";
				PROVISIONING_PROFILE_SPECIFIER = "";
				SWIFT_EMIT_LOC_STRINGS = YES;
				SWIFT_VERSION = 5.0;
				TARGETED_DEVICE_FAMILY = 1;
			};
			name = Debug;
		};
		876ED1B52882A33C00179767 /* Release */ = {
			isa = XCBuildConfiguration;
			baseConfigurationReference = 3312ECB395C9539DD8D453FA /* Pods-APillLog.release.xcconfig */;
			buildSettings = {
				ASSETCATALOG_COMPILER_APPICON_NAME = AppIcon;
				ASSETCATALOG_COMPILER_GLOBAL_ACCENT_COLOR_NAME = AccentColor;
				CODE_SIGN_IDENTITY = "Apple Development";
				CODE_SIGN_STYLE = Automatic;
				CURRENT_PROJECT_VERSION = 1;
				DEVELOPMENT_TEAM = 22A6RK2943;
				GENERATE_INFOPLIST_FILE = YES;
				INFOPLIST_FILE = APillLog/Info.plist;
				INFOPLIST_KEY_UIApplicationSupportsIndirectInputEvents = YES;
				INFOPLIST_KEY_UILaunchStoryboardName = LaunchScreen;
				INFOPLIST_KEY_UIMainStoryboardFile = Main;
				INFOPLIST_KEY_UISupportedInterfaceOrientations = UIInterfaceOrientationPortrait;
				INFOPLIST_KEY_UISupportedInterfaceOrientations_iPad = "UIInterfaceOrientationPortrait UIInterfaceOrientationPortraitUpsideDown UIInterfaceOrientationLandscapeLeft UIInterfaceOrientationLandscapeRight";
				INFOPLIST_KEY_UISupportedInterfaceOrientations_iPhone = "UIInterfaceOrientationPortrait UIInterfaceOrientationLandscapeLeft UIInterfaceOrientationLandscapeRight";
				IPHONEOS_DEPLOYMENT_TARGET = 15.4;
				LD_RUNPATH_SEARCH_PATHS = (
					"$(inherited)",
					"@executable_path/Frameworks",
				);
				MARKETING_VERSION = 1.0;
				PRODUCT_BUNDLE_IDENTIFIER = com.varcode.APillLog;
				PRODUCT_NAME = "$(TARGET_NAME)";
				PROVISIONING_PROFILE_SPECIFIER = "";
				SWIFT_EMIT_LOC_STRINGS = YES;
				SWIFT_VERSION = 5.0;
				TARGETED_DEVICE_FAMILY = 1;
			};
			name = Release;
		};
/* End XCBuildConfiguration section */

/* Begin XCConfigurationList section */
		876ED1972882A33B00179767 /* Build configuration list for PBXProject "APillLog" */ = {
			isa = XCConfigurationList;
			buildConfigurations = (
				876ED1B12882A33C00179767 /* Debug */,
				876ED1B22882A33C00179767 /* Release */,
			);
			defaultConfigurationIsVisible = 0;
			defaultConfigurationName = Release;
		};
		876ED1B32882A33C00179767 /* Build configuration list for PBXNativeTarget "APillLog" */ = {
			isa = XCConfigurationList;
			buildConfigurations = (
				876ED1B42882A33C00179767 /* Debug */,
				876ED1B52882A33C00179767 /* Release */,
			);
			defaultConfigurationIsVisible = 0;
			defaultConfigurationName = Release;
		};
/* End XCConfigurationList section */

/* Begin XCVersionGroup section */
		876ED1A82882A33B00179767 /* APillLog.xcdatamodeld */ = {
			isa = XCVersionGroup;
			children = (
				876ED1A92882A33B00179767 /* APillLog.xcdatamodel */,
			);
			currentVersion = 876ED1A92882A33B00179767 /* APillLog.xcdatamodel */;
			path = APillLog.xcdatamodeld;
			sourceTree = "<group>";
			versionGroupType = wrapper.xcdatamodel;
		};
/* End XCVersionGroup section */
	};
	rootObject = 876ED1942882A33B00179767 /* Project object */;
}
