PODS:
  - Charts (4.0.3):
    - Charts/Core (= 4.0.3)
  - Charts/Core (4.0.3):
    - SwiftAlgorithms (~> 1.0)
  - FSCalendar (2.8.4)
  - SwiftAlgorithms (1.0.0)

DEPENDENCIES:
  - Charts
  - FSCalendar

SPEC REPOS:
  trunk:
    - Charts
    - FSCalendar
    - SwiftAlgorithms

SPEC CHECKSUMS:
  Charts: d959d6723c8eedfdd0735dfc28cb0a71762ac4d9
  FSCalendar: 2d1d0d9398f12d439f55c1fe0f01525b151b8260
  SwiftAlgorithms: 38dda4731d19027fdeee1125f973111bf3386b53

PODFILE CHECKSUM: b99fe6d88af895d276678e1880cac1a268e6b316

COCOAPODS: 1.11.3
